
Microsoft Visual Studio Solution File, Format Version 12.00
# Visual Studio 14
VisualStudioVersion = 14.0.24720.0
MinimumVisualStudioVersion = 10.0.40219.1
Project("{FAE04EC0-301F-11D3-BF4B-00C04F79EFBC}") = "Facade.Model", "Facade.Model\Facade.Model.csproj", "{2894B1A6-186B-4612-98AF-054E41C83C61}"
EndProject
Project("{FAE04EC0-301F-11D3-BF4B-00C04F79EFBC}") = "Facade.Business", "Facade.Business\Facade.Business.csproj", "{E5232CCC-51C0-4F55-AE27-295472EEC78E}"
EndProject
Project("{FAE04EC0-301F-11D3-BF4B-00C04F79EFBC}") = "Facade.Common", "Common\Facade.Common.csproj", "{63D94AFC-D68E-4570-9F59-6A02A3CE3E92}"
EndProject
Project("{2150E333-8FDC-42A3-9474-1A3956D46DE8}") = "Facade", "Facade", "{501F724F-38E5-47BF-8A1A-365C31991924}"
EndProject
Project("{FAE04EC0-301F-11D3-BF4B-00C04F79EFBC}") = "Facade.UnitTest", "..\..\test\UnitTest\Facade.UnitTest.csproj", "{0733C74F-725D-4AE5-8D07-2A903F145544}"
EndProject
Project("{FAE04EC0-301F-11D3-BF4B-00C04F79EFBC}") = "Facade.Pattern", "Facade\Facade.Pattern.csproj", "{62D613CD-A534-45A9-8A1F-6069A1457EC8}"
EndProject
Project("{2150E333-8FDC-42A3-9474-1A3956D46DE8}") = "Strategy", "Strategy", "{72B93804-9E2F-4F1F-873C-A3064F151A61}"
EndProject
Project("{FAE04EC0-301F-11D3-BF4B-00C04F79EFBC}") = "Strategy.Model", "Strategy.Model\Strategy.Model.csproj", "{43B6AD40-2051-4BA5-A0CA-8A0103466D34}"
EndProject
Project("{FAE04EC0-301F-11D3-BF4B-00C04F79EFBC}") = "Strategy.Pattern", "Strategy.Pattern\Strategy.Pattern.csproj", "{8234F25F-9F4A-493B-8086-49674FF3F622}"
EndProject
Project("{FAE04EC0-301F-11D3-BF4B-00C04F79EFBC}") = "Strategy.Business", "Strategy.Business\Strategy.Business.csproj", "{D9C2E1F4-AF3C-4405-BB3E-5D8CD46B9F85}"
EndProject
Project("{2150E333-8FDC-42A3-9474-1A3956D46DE8}") = "Builder", "Builder", "{9A72A6C6-A9D7-4A35-A085-413C642D71E6}"
EndProject
Project("{FAE04EC0-301F-11D3-BF4B-00C04F79EFBC}") = "Builder.Model", "Builder.Model\Builder.Model.csproj", "{E528538C-70D6-442F-B5EE-4BBAD44801E5}"
EndProject
Project("{FAE04EC0-301F-11D3-BF4B-00C04F79EFBC}") = "Builder.Test", "Builder.Test\Builder.Test.csproj", "{49B09CEB-AEA9-4EEB-B7F1-D34792F8146E}"
EndProject
Project("{2150E333-8FDC-42A3-9474-1A3956D46DE8}") = "Adapter", "Adapter", "{BD049280-AF00-41EB-89A0-C8222F74A9B2}"
EndProject
Project("{FAE04EC0-301F-11D3-BF4B-00C04F79EFBC}") = "Adapter.Model", "Adapter.Model\Adapter.Model.csproj", "{E5DDCC78-7CCD-47FA-BDD4-0E63886C559A}"
EndProject
Project("{FAE04EC0-301F-11D3-BF4B-00C04F79EFBC}") = "Adapter.Business", "Adapter.Business\Adapter.Business.csproj", "{87383D8F-1700-45AC-99F2-8AFAA4910E4F}"
EndProject
Project("{2150E333-8FDC-42A3-9474-1A3956D46DE8}") = "DLLs", "DLLs", "{0D375A43-6768-4DAF-B36C-893BCF92801F}"
EndProject
Project("{FAE04EC0-301F-11D3-BF4B-00C04F79EFBC}") = "JPMorgan", "JPMorgan\JPMorgan.csproj", "{DC3CE07C-6468-4218-9FD4-8295E3D3C6C7}"
EndProject
Project("{FAE04EC0-301F-11D3-BF4B-00C04F79EFBC}") = "BankOfAmerica", "BankOfAmerica\BankOfAmerica.csproj", "{2FD6F785-F597-4312-AB8E-92B28155A18D}"
EndProject
Project("{FAE04EC0-301F-11D3-BF4B-00C04F79EFBC}") = "PagSeguro", "PagSeguro\PagSeguro.csproj", "{1D6198EA-D1AD-4B3B-95ED-59B6EDAAD882}"
EndProject
Project("{2150E333-8FDC-42A3-9474-1A3956D46DE8}") = "MVP", "MVP", "{D1007201-ED46-4053-B187-08D5B0119C9F}"
EndProject
Project("{FAE04EC0-301F-11D3-BF4B-00C04F79EFBC}") = "WebApp.UI.MVP", "WebApp.UI.MVP\WebApp.UI.MVP.csproj", "{CE4F95A5-16AB-47EE-B240-7C7D4044DBD3}"
EndProject
Project("{FAE04EC0-301F-11D3-BF4B-00C04F79EFBC}") = "MVP.Model", "MVP.Model\MVP.Model.csproj", "{CB1B33E4-70A8-4AEC-8D20-4E82AD374DD6}"
EndProject
Project("{FAE04EC0-301F-11D3-BF4B-00C04F79EFBC}") = "MVP.View", "MVP.View\MVP.View.csproj", "{2F37F7A8-1321-48C6-95D3-43EA6B0EBEAA}"
EndProject
Project("{2150E333-8FDC-42A3-9474-1A3956D46DE8}") = "Presentation", "Presentation", "{9EE97417-9083-4707-8CFF-F665A7B81C8C}"
EndProject
Project("{2150E333-8FDC-42A3-9474-1A3956D46DE8}") = "View", "View", "{5FFFE079-ABB8-4C85-975F-888EB01F9732}"
EndProject
Project("{2150E333-8FDC-42A3-9474-1A3956D46DE8}") = "Model", "Model", "{883A8BA4-898A-49D2-9D3E-77288E0852CF}"
EndProject
Project("{2150E333-8FDC-42A3-9474-1A3956D46DE8}") = "Presenter", "Presenter", "{6D1CF746-5413-4387-9F75-75C68E9295C9}"
EndProject
Project("{FAE04EC0-301F-11D3-BF4B-00C04F79EFBC}") = "MVP.Presenter", "MVP.Presenter\MVP.Presenter.csproj", "{E6CF75EA-F497-4F5D-A2BF-127B4BE4A875}"
EndProject
Project("{2150E333-8FDC-42A3-9474-1A3956D46DE8}") = "MVVM", "MVVM", "{9997D97A-47DB-42D3-A95C-276A73A80C55}"
EndProject
Project("{2150E333-8FDC-42A3-9474-1A3956D46DE8}") = "Presentation", "Presentation", "{3A6D2F70-F102-4E5C-8646-62B2C763DCCC}"
EndProject
Project("{2150E333-8FDC-42A3-9474-1A3956D46DE8}") = "Model", "Model", "{87B0A4F4-FB46-4A9F-85CB-43D37B216C47}"
EndProject
Project("{2150E333-8FDC-42A3-9474-1A3956D46DE8}") = "ViewModel", "ViewModel", "{5EF267E4-0415-4AEF-B7B1-B82DF2512956}"
EndProject
Project("{FAE04EC0-301F-11D3-BF4B-00C04F79EFBC}") = "MVVM.Model", "MVVM.Model\MVVM.Model.csproj", "{28E1B27A-D0D3-49F6-A1BE-5B529A282FA1}"
EndProject
Project("{FAE04EC0-301F-11D3-BF4B-00C04F79EFBC}") = "MVVM.ViewModel", "MVVM.ViewModel\MVVM.ViewModel.csproj", "{C884AA5B-0439-4960-BEF1-930B37A96788}"
EndProject
Project("{FAE04EC0-301F-11D3-BF4B-00C04F79EFBC}") = "MVVM.WpfApplication", "MVVM.WpfApplication\MVVM.WpfApplication.csproj", "{8A6F609C-37F4-4ED2-809A-2E367ED16582}"
EndProject
Project("{2150E333-8FDC-42A3-9474-1A3956D46DE8}") = "DAO", "DAO", "{5CECCA91-7365-449F-865B-B8EB01D40EAB}"
EndProject
Project("{FAE04EC0-301F-11D3-BF4B-00C04F79EFBC}") = "DataAccessObject", "DataAccessObject\DataAccessObject.csproj", "{E331C261-3CCB-481C-A2ED-52A82F04EFA6}"
EndProject
Project("{FAE04EC0-301F-11D3-BF4B-00C04F79EFBC}") = "DataAccessObject.Model", "DataAccessObject.Model\DataAccessObject.Model.csproj", "{E5462BFD-820A-4EF9-A49B-B04302246FE4}"
EndProject
Project("{FAE04EC0-301F-11D3-BF4B-00C04F79EFBC}") = "DataAccessObject.Test", "..\..\test\DataAccessObject.Test\DataAccessObject.Test.csproj", "{5C3490D7-42B9-4E44-A232-EBFD191855F8}"
EndProject
Project("{2150E333-8FDC-42A3-9474-1A3956D46DE8}") = "ActiveRecord", "ActiveRecord", "{B81D58C7-6DFA-4B7E-BD31-1B11FDC6C091}"
EndProject
Project("{FAE04EC0-301F-11D3-BF4B-00C04F79EFBC}") = "ActiveRecord.Model", "ActiveRecord.Model\ActiveRecord.Model.csproj", "{EDD95197-1BA1-4FF6-AF27-25C5BA85946F}"
EndProject
Project("{FAE04EC0-301F-11D3-BF4B-00C04F79EFBC}") = "ActiveRecord.Test", "..\..\test\DesignPattern\ActiveRecord.Test\ActiveRecord.Test.csproj", "{50E8A28D-BCB5-4909-AE71-22357377996A}"
EndProject
Project("{2150E333-8FDC-42A3-9474-1A3956D46DE8}") = "LayerSuperType", "LayerSuperType", "{101466D5-C210-4B6E-9837-824BF2EAA2B1}"
EndProject
Project("{FAE04EC0-301F-11D3-BF4B-00C04F79EFBC}") = "LayerSuperTypeModel", "LayerSuperTypeModel\LayerSuperTypeModel.csproj", "{99010BEB-0C77-4894-B2B5-F4913DA9D305}"
EndProject
Project("{2150E333-8FDC-42A3-9474-1A3956D46DE8}") = "TemplateMethod", "TemplateMethod", "{05575E80-B668-425E-8E36-AA8A26306CCE}"
EndProject
Project("{FAE04EC0-301F-11D3-BF4B-00C04F79EFBC}") = "TemplateMethodModel", "TemplateMethodModel\TemplateMethodModel.csproj", "{B1D35DEB-A39B-4BD6-B7E3-7522B0936D39}"
EndProject
Project("{FAE04EC0-301F-11D3-BF4B-00C04F79EFBC}") = "TemplateMethod.Business", "TemplateMethod.Business\TemplateMethod.Business.csproj", "{1E37180F-89E3-40AC-8E60-608C31D3CAE6}"
EndProject
Project("{FAE04EC0-301F-11D3-BF4B-00C04F79EFBC}") = "TemplateMethod.Test", "..\..\test\TemplateMethod\TemplateMethod.Test\TemplateMethod.Test.csproj", "{1876688F-3BE8-46A7-A4AB-7A8F7459E614}"
EndProject
Project("{2150E333-8FDC-42A3-9474-1A3956D46DE8}") = "SOA", "SOA", "{65CC4E2B-BB32-4254-B5E8-95EECB5B7FDE}"
EndProject
Project("{2150E333-8FDC-42A3-9474-1A3956D46DE8}") = "TransfereniaDeDados", "TransfereniaDeDados", "{5E655975-763A-4B06-9F4C-D8B076A66734}"
EndProject
Project("{2150E333-8FDC-42A3-9474-1A3956D46DE8}") = "Servico", "Servico", "{4A67757C-EB66-4E80-B99C-43778295F5D8}"
EndProject
Project("{2150E333-8FDC-42A3-9474-1A3956D46DE8}") = "Servidor", "Servidor", "{B3758872-FEC6-41D7-8972-75D44C17845B}"
EndProject
Project("{FAE04EC0-301F-11D3-BF4B-00C04F79EFBC}") = "RequestResponse.DataTransferObject", "RequestResponse.DataTransferObject\RequestResponse.DataTransferObject.csproj", "{F06F163B-5A90-405E-86F9-D9CE7998C11E}"
EndProject
Project("{FAE04EC0-301F-11D3-BF4B-00C04F79EFBC}") = "RequestResponse.Service", "RequestResponse.Service\RequestResponse.Service.csproj", "{14D332F3-7828-4F3A-9732-2F2B11FBA316}"
EndProject
Project("{FAE04EC0-301F-11D3-BF4B-00C04F79EFBC}") = "RequestResponse.Server", "RequestResponse.Server\RequestResponse.Server.csproj", "{ED4A5357-527A-4105-9FA1-E8F6E2408EE0}"
EndProject
Project("{FAE04EC0-301F-11D3-BF4B-00C04F79EFBC}") = "RequestResponse.ValueObject", "RequestResponse.ValueObject\RequestResponse.ValueObject.csproj", "{8D78B251-F33F-4429-9D10-7034BF7C2504}"
EndProject
Global
	GlobalSection(SolutionConfigurationPlatforms) = preSolution
		Debug|Any CPU = Debug|Any CPU
		Release|Any CPU = Release|Any CPU
	EndGlobalSection
	GlobalSection(ProjectConfigurationPlatforms) = postSolution
		{2894B1A6-186B-4612-98AF-054E41C83C61}.Debug|Any CPU.ActiveCfg = Debug|Any CPU
		{2894B1A6-186B-4612-98AF-054E41C83C61}.Debug|Any CPU.Build.0 = Debug|Any CPU
		{2894B1A6-186B-4612-98AF-054E41C83C61}.Release|Any CPU.ActiveCfg = Release|Any CPU
		{2894B1A6-186B-4612-98AF-054E41C83C61}.Release|Any CPU.Build.0 = Release|Any CPU
		{E5232CCC-51C0-4F55-AE27-295472EEC78E}.Debug|Any CPU.ActiveCfg = Debug|Any CPU
		{E5232CCC-51C0-4F55-AE27-295472EEC78E}.Debug|Any CPU.Build.0 = Debug|Any CPU
		{E5232CCC-51C0-4F55-AE27-295472EEC78E}.Release|Any CPU.ActiveCfg = Release|Any CPU
		{E5232CCC-51C0-4F55-AE27-295472EEC78E}.Release|Any CPU.Build.0 = Release|Any CPU
		{63D94AFC-D68E-4570-9F59-6A02A3CE3E92}.Debug|Any CPU.ActiveCfg = Debug|Any CPU
		{63D94AFC-D68E-4570-9F59-6A02A3CE3E92}.Debug|Any CPU.Build.0 = Debug|Any CPU
		{63D94AFC-D68E-4570-9F59-6A02A3CE3E92}.Release|Any CPU.ActiveCfg = Release|Any CPU
		{63D94AFC-D68E-4570-9F59-6A02A3CE3E92}.Release|Any CPU.Build.0 = Release|Any CPU
		{0733C74F-725D-4AE5-8D07-2A903F145544}.Debug|Any CPU.ActiveCfg = Debug|Any CPU
		{0733C74F-725D-4AE5-8D07-2A903F145544}.Debug|Any CPU.Build.0 = Debug|Any CPU
		{0733C74F-725D-4AE5-8D07-2A903F145544}.Release|Any CPU.ActiveCfg = Release|Any CPU
		{0733C74F-725D-4AE5-8D07-2A903F145544}.Release|Any CPU.Build.0 = Release|Any CPU
		{62D613CD-A534-45A9-8A1F-6069A1457EC8}.Debug|Any CPU.ActiveCfg = Debug|Any CPU
		{62D613CD-A534-45A9-8A1F-6069A1457EC8}.Debug|Any CPU.Build.0 = Debug|Any CPU
		{62D613CD-A534-45A9-8A1F-6069A1457EC8}.Release|Any CPU.ActiveCfg = Release|Any CPU
		{62D613CD-A534-45A9-8A1F-6069A1457EC8}.Release|Any CPU.Build.0 = Release|Any CPU
		{43B6AD40-2051-4BA5-A0CA-8A0103466D34}.Debug|Any CPU.ActiveCfg = Debug|Any CPU
		{43B6AD40-2051-4BA5-A0CA-8A0103466D34}.Debug|Any CPU.Build.0 = Debug|Any CPU
		{43B6AD40-2051-4BA5-A0CA-8A0103466D34}.Release|Any CPU.ActiveCfg = Release|Any CPU
		{43B6AD40-2051-4BA5-A0CA-8A0103466D34}.Release|Any CPU.Build.0 = Release|Any CPU
		{8234F25F-9F4A-493B-8086-49674FF3F622}.Debug|Any CPU.ActiveCfg = Debug|Any CPU
		{8234F25F-9F4A-493B-8086-49674FF3F622}.Debug|Any CPU.Build.0 = Debug|Any CPU
		{8234F25F-9F4A-493B-8086-49674FF3F622}.Release|Any CPU.ActiveCfg = Release|Any CPU
		{8234F25F-9F4A-493B-8086-49674FF3F622}.Release|Any CPU.Build.0 = Release|Any CPU
		{D9C2E1F4-AF3C-4405-BB3E-5D8CD46B9F85}.Debug|Any CPU.ActiveCfg = Debug|Any CPU
		{D9C2E1F4-AF3C-4405-BB3E-5D8CD46B9F85}.Debug|Any CPU.Build.0 = Debug|Any CPU
		{D9C2E1F4-AF3C-4405-BB3E-5D8CD46B9F85}.Release|Any CPU.ActiveCfg = Release|Any CPU
		{D9C2E1F4-AF3C-4405-BB3E-5D8CD46B9F85}.Release|Any CPU.Build.0 = Release|Any CPU
		{E528538C-70D6-442F-B5EE-4BBAD44801E5}.Debug|Any CPU.ActiveCfg = Debug|Any CPU
		{E528538C-70D6-442F-B5EE-4BBAD44801E5}.Debug|Any CPU.Build.0 = Debug|Any CPU
		{E528538C-70D6-442F-B5EE-4BBAD44801E5}.Release|Any CPU.ActiveCfg = Release|Any CPU
		{E528538C-70D6-442F-B5EE-4BBAD44801E5}.Release|Any CPU.Build.0 = Release|Any CPU
		{49B09CEB-AEA9-4EEB-B7F1-D34792F8146E}.Debug|Any CPU.ActiveCfg = Debug|Any CPU
		{49B09CEB-AEA9-4EEB-B7F1-D34792F8146E}.Debug|Any CPU.Build.0 = Debug|Any CPU
		{49B09CEB-AEA9-4EEB-B7F1-D34792F8146E}.Release|Any CPU.ActiveCfg = Release|Any CPU
		{49B09CEB-AEA9-4EEB-B7F1-D34792F8146E}.Release|Any CPU.Build.0 = Release|Any CPU
		{E5DDCC78-7CCD-47FA-BDD4-0E63886C559A}.Debug|Any CPU.ActiveCfg = Debug|Any CPU
		{E5DDCC78-7CCD-47FA-BDD4-0E63886C559A}.Debug|Any CPU.Build.0 = Debug|Any CPU
		{E5DDCC78-7CCD-47FA-BDD4-0E63886C559A}.Release|Any CPU.ActiveCfg = Release|Any CPU
		{E5DDCC78-7CCD-47FA-BDD4-0E63886C559A}.Release|Any CPU.Build.0 = Release|Any CPU
		{87383D8F-1700-45AC-99F2-8AFAA4910E4F}.Debug|Any CPU.ActiveCfg = Debug|Any CPU
		{87383D8F-1700-45AC-99F2-8AFAA4910E4F}.Debug|Any CPU.Build.0 = Debug|Any CPU
		{87383D8F-1700-45AC-99F2-8AFAA4910E4F}.Release|Any CPU.ActiveCfg = Release|Any CPU
		{87383D8F-1700-45AC-99F2-8AFAA4910E4F}.Release|Any CPU.Build.0 = Release|Any CPU
		{DC3CE07C-6468-4218-9FD4-8295E3D3C6C7}.Debug|Any CPU.ActiveCfg = Debug|Any CPU
		{DC3CE07C-6468-4218-9FD4-8295E3D3C6C7}.Debug|Any CPU.Build.0 = Debug|Any CPU
		{DC3CE07C-6468-4218-9FD4-8295E3D3C6C7}.Release|Any CPU.ActiveCfg = Release|Any CPU
		{DC3CE07C-6468-4218-9FD4-8295E3D3C6C7}.Release|Any CPU.Build.0 = Release|Any CPU
		{2FD6F785-F597-4312-AB8E-92B28155A18D}.Debug|Any CPU.ActiveCfg = Debug|Any CPU
		{2FD6F785-F597-4312-AB8E-92B28155A18D}.Debug|Any CPU.Build.0 = Debug|Any CPU
		{2FD6F785-F597-4312-AB8E-92B28155A18D}.Release|Any CPU.ActiveCfg = Release|Any CPU
		{2FD6F785-F597-4312-AB8E-92B28155A18D}.Release|Any CPU.Build.0 = Release|Any CPU
		{1D6198EA-D1AD-4B3B-95ED-59B6EDAAD882}.Debug|Any CPU.ActiveCfg = Debug|Any CPU
		{1D6198EA-D1AD-4B3B-95ED-59B6EDAAD882}.Debug|Any CPU.Build.0 = Debug|Any CPU
		{1D6198EA-D1AD-4B3B-95ED-59B6EDAAD882}.Release|Any CPU.ActiveCfg = Release|Any CPU
		{1D6198EA-D1AD-4B3B-95ED-59B6EDAAD882}.Release|Any CPU.Build.0 = Release|Any CPU
		{CE4F95A5-16AB-47EE-B240-7C7D4044DBD3}.Debug|Any CPU.ActiveCfg = Debug|Any CPU
		{CE4F95A5-16AB-47EE-B240-7C7D4044DBD3}.Debug|Any CPU.Build.0 = Debug|Any CPU
		{CE4F95A5-16AB-47EE-B240-7C7D4044DBD3}.Release|Any CPU.ActiveCfg = Release|Any CPU
		{CE4F95A5-16AB-47EE-B240-7C7D4044DBD3}.Release|Any CPU.Build.0 = Release|Any CPU
		{CB1B33E4-70A8-4AEC-8D20-4E82AD374DD6}.Debug|Any CPU.ActiveCfg = Debug|Any CPU
		{CB1B33E4-70A8-4AEC-8D20-4E82AD374DD6}.Debug|Any CPU.Build.0 = Debug|Any CPU
		{CB1B33E4-70A8-4AEC-8D20-4E82AD374DD6}.Release|Any CPU.ActiveCfg = Release|Any CPU
		{CB1B33E4-70A8-4AEC-8D20-4E82AD374DD6}.Release|Any CPU.Build.0 = Release|Any CPU
		{2F37F7A8-1321-48C6-95D3-43EA6B0EBEAA}.Debug|Any CPU.ActiveCfg = Debug|Any CPU
		{2F37F7A8-1321-48C6-95D3-43EA6B0EBEAA}.Debug|Any CPU.Build.0 = Debug|Any CPU
		{2F37F7A8-1321-48C6-95D3-43EA6B0EBEAA}.Release|Any CPU.ActiveCfg = Release|Any CPU
		{2F37F7A8-1321-48C6-95D3-43EA6B0EBEAA}.Release|Any CPU.Build.0 = Release|Any CPU
		{E6CF75EA-F497-4F5D-A2BF-127B4BE4A875}.Debug|Any CPU.ActiveCfg = Debug|Any CPU
		{E6CF75EA-F497-4F5D-A2BF-127B4BE4A875}.Debug|Any CPU.Build.0 = Debug|Any CPU
		{E6CF75EA-F497-4F5D-A2BF-127B4BE4A875}.Release|Any CPU.ActiveCfg = Release|Any CPU
		{E6CF75EA-F497-4F5D-A2BF-127B4BE4A875}.Release|Any CPU.Build.0 = Release|Any CPU
		{28E1B27A-D0D3-49F6-A1BE-5B529A282FA1}.Debug|Any CPU.ActiveCfg = Debug|Any CPU
		{28E1B27A-D0D3-49F6-A1BE-5B529A282FA1}.Debug|Any CPU.Build.0 = Debug|Any CPU
		{28E1B27A-D0D3-49F6-A1BE-5B529A282FA1}.Release|Any CPU.ActiveCfg = Release|Any CPU
		{28E1B27A-D0D3-49F6-A1BE-5B529A282FA1}.Release|Any CPU.Build.0 = Release|Any CPU
		{C884AA5B-0439-4960-BEF1-930B37A96788}.Debug|Any CPU.ActiveCfg = Debug|Any CPU
		{C884AA5B-0439-4960-BEF1-930B37A96788}.Debug|Any CPU.Build.0 = Debug|Any CPU
		{C884AA5B-0439-4960-BEF1-930B37A96788}.Release|Any CPU.ActiveCfg = Release|Any CPU
		{C884AA5B-0439-4960-BEF1-930B37A96788}.Release|Any CPU.Build.0 = Release|Any CPU
		{8A6F609C-37F4-4ED2-809A-2E367ED16582}.Debug|Any CPU.ActiveCfg = Debug|Any CPU
		{8A6F609C-37F4-4ED2-809A-2E367ED16582}.Debug|Any CPU.Build.0 = Debug|Any CPU
		{8A6F609C-37F4-4ED2-809A-2E367ED16582}.Release|Any CPU.ActiveCfg = Release|Any CPU
		{8A6F609C-37F4-4ED2-809A-2E367ED16582}.Release|Any CPU.Build.0 = Release|Any CPU
		{E331C261-3CCB-481C-A2ED-52A82F04EFA6}.Debug|Any CPU.ActiveCfg = Debug|Any CPU
		{E331C261-3CCB-481C-A2ED-52A82F04EFA6}.Debug|Any CPU.Build.0 = Debug|Any CPU
		{E331C261-3CCB-481C-A2ED-52A82F04EFA6}.Release|Any CPU.ActiveCfg = Release|Any CPU
		{E331C261-3CCB-481C-A2ED-52A82F04EFA6}.Release|Any CPU.Build.0 = Release|Any CPU
		{E5462BFD-820A-4EF9-A49B-B04302246FE4}.Debug|Any CPU.ActiveCfg = Debug|Any CPU
		{E5462BFD-820A-4EF9-A49B-B04302246FE4}.Debug|Any CPU.Build.0 = Debug|Any CPU
		{E5462BFD-820A-4EF9-A49B-B04302246FE4}.Release|Any CPU.ActiveCfg = Release|Any CPU
		{E5462BFD-820A-4EF9-A49B-B04302246FE4}.Release|Any CPU.Build.0 = Release|Any CPU
		{5C3490D7-42B9-4E44-A232-EBFD191855F8}.Debug|Any CPU.ActiveCfg = Debug|Any CPU
		{5C3490D7-42B9-4E44-A232-EBFD191855F8}.Debug|Any CPU.Build.0 = Debug|Any CPU
		{5C3490D7-42B9-4E44-A232-EBFD191855F8}.Release|Any CPU.ActiveCfg = Release|Any CPU
		{5C3490D7-42B9-4E44-A232-EBFD191855F8}.Release|Any CPU.Build.0 = Release|Any CPU
		{EDD95197-1BA1-4FF6-AF27-25C5BA85946F}.Debug|Any CPU.ActiveCfg = Debug|Any CPU
		{EDD95197-1BA1-4FF6-AF27-25C5BA85946F}.Debug|Any CPU.Build.0 = Debug|Any CPU
		{EDD95197-1BA1-4FF6-AF27-25C5BA85946F}.Release|Any CPU.ActiveCfg = Release|Any CPU
		{EDD95197-1BA1-4FF6-AF27-25C5BA85946F}.Release|Any CPU.Build.0 = Release|Any CPU
		{50E8A28D-BCB5-4909-AE71-22357377996A}.Debug|Any CPU.ActiveCfg = Debug|Any CPU
		{50E8A28D-BCB5-4909-AE71-22357377996A}.Debug|Any CPU.Build.0 = Debug|Any CPU
		{50E8A28D-BCB5-4909-AE71-22357377996A}.Release|Any CPU.ActiveCfg = Release|Any CPU
		{50E8A28D-BCB5-4909-AE71-22357377996A}.Release|Any CPU.Build.0 = Release|Any CPU
		{99010BEB-0C77-4894-B2B5-F4913DA9D305}.Debug|Any CPU.ActiveCfg = Debug|Any CPU
		{99010BEB-0C77-4894-B2B5-F4913DA9D305}.Debug|Any CPU.Build.0 = Debug|Any CPU
		{99010BEB-0C77-4894-B2B5-F4913DA9D305}.Release|Any CPU.ActiveCfg = Release|Any CPU
		{99010BEB-0C77-4894-B2B5-F4913DA9D305}.Release|Any CPU.Build.0 = Release|Any CPU
		{B1D35DEB-A39B-4BD6-B7E3-7522B0936D39}.Debug|Any CPU.ActiveCfg = Debug|Any CPU
		{B1D35DEB-A39B-4BD6-B7E3-7522B0936D39}.Debug|Any CPU.Build.0 = Debug|Any CPU
		{B1D35DEB-A39B-4BD6-B7E3-7522B0936D39}.Release|Any CPU.ActiveCfg = Release|Any CPU
		{B1D35DEB-A39B-4BD6-B7E3-7522B0936D39}.Release|Any CPU.Build.0 = Release|Any CPU
		{1E37180F-89E3-40AC-8E60-608C31D3CAE6}.Debug|Any CPU.ActiveCfg = Debug|Any CPU
		{1E37180F-89E3-40AC-8E60-608C31D3CAE6}.Debug|Any CPU.Build.0 = Debug|Any CPU
		{1E37180F-89E3-40AC-8E60-608C31D3CAE6}.Release|Any CPU.ActiveCfg = Release|Any CPU
		{1E37180F-89E3-40AC-8E60-608C31D3CAE6}.Release|Any CPU.Build.0 = Release|Any CPU
		{1876688F-3BE8-46A7-A4AB-7A8F7459E614}.Debug|Any CPU.ActiveCfg = Debug|Any CPU
		{1876688F-3BE8-46A7-A4AB-7A8F7459E614}.Debug|Any CPU.Build.0 = Debug|Any CPU
		{1876688F-3BE8-46A7-A4AB-7A8F7459E614}.Release|Any CPU.ActiveCfg = Release|Any CPU
		{1876688F-3BE8-46A7-A4AB-7A8F7459E614}.Release|Any CPU.Build.0 = Release|Any CPU
		{F06F163B-5A90-405E-86F9-D9CE7998C11E}.Debug|Any CPU.ActiveCfg = Debug|Any CPU
		{F06F163B-5A90-405E-86F9-D9CE7998C11E}.Debug|Any CPU.Build.0 = Debug|Any CPU
		{F06F163B-5A90-405E-86F9-D9CE7998C11E}.Release|Any CPU.ActiveCfg = Release|Any CPU
		{F06F163B-5A90-405E-86F9-D9CE7998C11E}.Release|Any CPU.Build.0 = Release|Any CPU
		{14D332F3-7828-4F3A-9732-2F2B11FBA316}.Debug|Any CPU.ActiveCfg = Debug|Any CPU
		{14D332F3-7828-4F3A-9732-2F2B11FBA316}.Debug|Any CPU.Build.0 = Debug|Any CPU
		{14D332F3-7828-4F3A-9732-2F2B11FBA316}.Release|Any CPU.ActiveCfg = Release|Any CPU
		{14D332F3-7828-4F3A-9732-2F2B11FBA316}.Release|Any CPU.Build.0 = Release|Any CPU
		{ED4A5357-527A-4105-9FA1-E8F6E2408EE0}.Debug|Any CPU.ActiveCfg = Debug|Any CPU
		{ED4A5357-527A-4105-9FA1-E8F6E2408EE0}.Debug|Any CPU.Build.0 = Debug|Any CPU
		{ED4A5357-527A-4105-9FA1-E8F6E2408EE0}.Release|Any CPU.ActiveCfg = Release|Any CPU
		{ED4A5357-527A-4105-9FA1-E8F6E2408EE0}.Release|Any CPU.Build.0 = Release|Any CPU
		{8D78B251-F33F-4429-9D10-7034BF7C2504}.Debug|Any CPU.ActiveCfg = Debug|Any CPU
		{8D78B251-F33F-4429-9D10-7034BF7C2504}.Debug|Any CPU.Build.0 = Debug|Any CPU
		{8D78B251-F33F-4429-9D10-7034BF7C2504}.Release|Any CPU.ActiveCfg = Release|Any CPU
		{8D78B251-F33F-4429-9D10-7034BF7C2504}.Release|Any CPU.Build.0 = Release|Any CPU
	EndGlobalSection
	GlobalSection(SolutionProperties) = preSolution
		HideSolutionNode = FALSE
	EndGlobalSection
	GlobalSection(NestedProjects) = preSolution
		{2894B1A6-186B-4612-98AF-054E41C83C61} = {501F724F-38E5-47BF-8A1A-365C31991924}
		{E5232CCC-51C0-4F55-AE27-295472EEC78E} = {501F724F-38E5-47BF-8A1A-365C31991924}
		{63D94AFC-D68E-4570-9F59-6A02A3CE3E92} = {501F724F-38E5-47BF-8A1A-365C31991924}
		{0733C74F-725D-4AE5-8D07-2A903F145544} = {501F724F-38E5-47BF-8A1A-365C31991924}
		{62D613CD-A534-45A9-8A1F-6069A1457EC8} = {501F724F-38E5-47BF-8A1A-365C31991924}
		{43B6AD40-2051-4BA5-A0CA-8A0103466D34} = {72B93804-9E2F-4F1F-873C-A3064F151A61}
		{8234F25F-9F4A-493B-8086-49674FF3F622} = {72B93804-9E2F-4F1F-873C-A3064F151A61}
		{D9C2E1F4-AF3C-4405-BB3E-5D8CD46B9F85} = {72B93804-9E2F-4F1F-873C-A3064F151A61}
		{E528538C-70D6-442F-B5EE-4BBAD44801E5} = {9A72A6C6-A9D7-4A35-A085-413C642D71E6}
		{49B09CEB-AEA9-4EEB-B7F1-D34792F8146E} = {9A72A6C6-A9D7-4A35-A085-413C642D71E6}
		{E5DDCC78-7CCD-47FA-BDD4-0E63886C559A} = {BD049280-AF00-41EB-89A0-C8222F74A9B2}
		{87383D8F-1700-45AC-99F2-8AFAA4910E4F} = {BD049280-AF00-41EB-89A0-C8222F74A9B2}
		{0D375A43-6768-4DAF-B36C-893BCF92801F} = {BD049280-AF00-41EB-89A0-C8222F74A9B2}
		{DC3CE07C-6468-4218-9FD4-8295E3D3C6C7} = {0D375A43-6768-4DAF-B36C-893BCF92801F}
		{2FD6F785-F597-4312-AB8E-92B28155A18D} = {0D375A43-6768-4DAF-B36C-893BCF92801F}
		{1D6198EA-D1AD-4B3B-95ED-59B6EDAAD882} = {0D375A43-6768-4DAF-B36C-893BCF92801F}
		{CE4F95A5-16AB-47EE-B240-7C7D4044DBD3} = {9EE97417-9083-4707-8CFF-F665A7B81C8C}
		{CB1B33E4-70A8-4AEC-8D20-4E82AD374DD6} = {883A8BA4-898A-49D2-9D3E-77288E0852CF}
		{2F37F7A8-1321-48C6-95D3-43EA6B0EBEAA} = {5FFFE079-ABB8-4C85-975F-888EB01F9732}
		{9EE97417-9083-4707-8CFF-F665A7B81C8C} = {D1007201-ED46-4053-B187-08D5B0119C9F}
		{5FFFE079-ABB8-4C85-975F-888EB01F9732} = {D1007201-ED46-4053-B187-08D5B0119C9F}
		{883A8BA4-898A-49D2-9D3E-77288E0852CF} = {D1007201-ED46-4053-B187-08D5B0119C9F}
		{6D1CF746-5413-4387-9F75-75C68E9295C9} = {D1007201-ED46-4053-B187-08D5B0119C9F}
		{E6CF75EA-F497-4F5D-A2BF-127B4BE4A875} = {6D1CF746-5413-4387-9F75-75C68E9295C9}
		{3A6D2F70-F102-4E5C-8646-62B2C763DCCC} = {9997D97A-47DB-42D3-A95C-276A73A80C55}
		{87B0A4F4-FB46-4A9F-85CB-43D37B216C47} = {9997D97A-47DB-42D3-A95C-276A73A80C55}
		{5EF267E4-0415-4AEF-B7B1-B82DF2512956} = {9997D97A-47DB-42D3-A95C-276A73A80C55}
		{28E1B27A-D0D3-49F6-A1BE-5B529A282FA1} = {87B0A4F4-FB46-4A9F-85CB-43D37B216C47}
		{C884AA5B-0439-4960-BEF1-930B37A96788} = {5EF267E4-0415-4AEF-B7B1-B82DF2512956}
		{8A6F609C-37F4-4ED2-809A-2E367ED16582} = {3A6D2F70-F102-4E5C-8646-62B2C763DCCC}
		{E331C261-3CCB-481C-A2ED-52A82F04EFA6} = {5CECCA91-7365-449F-865B-B8EB01D40EAB}
		{E5462BFD-820A-4EF9-A49B-B04302246FE4} = {5CECCA91-7365-449F-865B-B8EB01D40EAB}
		{5C3490D7-42B9-4E44-A232-EBFD191855F8} = {5CECCA91-7365-449F-865B-B8EB01D40EAB}
		{EDD95197-1BA1-4FF6-AF27-25C5BA85946F} = {B81D58C7-6DFA-4B7E-BD31-1B11FDC6C091}
		{50E8A28D-BCB5-4909-AE71-22357377996A} = {B81D58C7-6DFA-4B7E-BD31-1B11FDC6C091}
		{99010BEB-0C77-4894-B2B5-F4913DA9D305} = {101466D5-C210-4B6E-9837-824BF2EAA2B1}
		{B1D35DEB-A39B-4BD6-B7E3-7522B0936D39} = {05575E80-B668-425E-8E36-AA8A26306CCE}
		{1E37180F-89E3-40AC-8E60-608C31D3CAE6} = {05575E80-B668-425E-8E36-AA8A26306CCE}
		{1876688F-3BE8-46A7-A4AB-7A8F7459E614} = {05575E80-B668-425E-8E36-AA8A26306CCE}
		{5E655975-763A-4B06-9F4C-D8B076A66734} = {65CC4E2B-BB32-4254-B5E8-95EECB5B7FDE}
		{4A67757C-EB66-4E80-B99C-43778295F5D8} = {65CC4E2B-BB32-4254-B5E8-95EECB5B7FDE}
		{B3758872-FEC6-41D7-8972-75D44C17845B} = {65CC4E2B-BB32-4254-B5E8-95EECB5B7FDE}
		{F06F163B-5A90-405E-86F9-D9CE7998C11E} = {5E655975-763A-4B06-9F4C-D8B076A66734}
		{14D332F3-7828-4F3A-9732-2F2B11FBA316} = {4A67757C-EB66-4E80-B99C-43778295F5D8}
		{ED4A5357-527A-4105-9FA1-E8F6E2408EE0} = {B3758872-FEC6-41D7-8972-75D44C17845B}
		{8D78B251-F33F-4429-9D10-7034BF7C2504} = {5E655975-763A-4B06-9F4C-D8B076A66734}
	EndGlobalSection
EndGlobal
